
Microsoft Visual Studio Solution File, Format Version 12.00
# Visual Studio Version 17
VisualStudioVersion = 17.8.34601.278
MinimumVisualStudioVersion = 10.0.40219.1
Project("{FAE04EC0-301F-11D3-BF4B-00C04F79EFBC}") = "ExerciciosPOOLista1", "ExerciciosPOOLista1.csproj", "{BF7EAE60-1AE6-4432-9A1E-73B12466CE47}"
EndProject
Global
	GlobalSection(SolutionConfigurationPlatforms) = preSolution
		Debug|Any CPU = Debug|Any CPU
		Release|Any CPU = Release|Any CPU
	EndGlobalSection
	GlobalSection(ProjectConfigurationPlatforms) = postSolution
		{BF7EAE60-1AE6-4432-9A1E-73B12466CE47}.Debug|Any CPU.ActiveCfg = Debug|Any CPU
		{BF7EAE60-1AE6-4432-9A1E-73B12466CE47}.Debug|Any CPU.Build.0 = Debug|Any CPU
		{BF7EAE60-1AE6-4432-9A1E-73B12466CE47}.Release|Any CPU.ActiveCfg = Release|Any CPU
		{BF7EAE60-1AE6-4432-9A1E-73B12466CE47}.Release|Any CPU.Build.0 = Release|Any CPU
	EndGlobalSection
	GlobalSection(SolutionProperties) = preSolution
		HideSolutionNode = FALSE
	EndGlobalSection
	GlobalSection(ExtensibilityGlobals) = postSolution
		SolutionGuid = {17167DDD-4795-4A29-A1D7-45EEAF165C67}
	EndGlobalSection
EndGlobal
